{
  "requires": true,
  "lockfileVersion": 1,
  "dependencies": {
    "ra-language-chinese": {
      "version": "2.0.4",
      "resolved": "https://registry.npmjs.org/ra-language-chinese/-/ra-language-chinese-2.0.4.tgz",
      "integrity": "sha512-atmIOYDNYHF1n+Z9aJWm9XlELl7TdwVVzrMfG32nPJO+udJdsQXtZueh9jYolSonmbDTi53fnWeziQIsEH09UA=="
    }
  }
}
